// !$*UTF8*$!
{
	archiveVersion = 1;
	classes = {
	};
	objectVersion = 56;
	objects = {

/* Begin PBXBuildFile section */
		B75AE2CE2BDBC85B0020B259 /* TranslateWordByCameraApp.swift in Sources */ = {isa = PBXBuildFile; fileRef = B75AE2CD2BDBC85B0020B259 /* TranslateWordByCameraApp.swift */; };
		B75AE2D02BDBC85B0020B259 /* ContentView.swift in Sources */ = {isa = PBXBuildFile; fileRef = B75AE2CF2BDBC85B0020B259 /* ContentView.swift */; };
		B75AE2D22BDBC85E0020B259 /* Assets.xcassets in Resources */ = {isa = PBXBuildFile; fileRef = B75AE2D12BDBC85E0020B259 /* Assets.xcassets */; };
		B75AE2D62BDBC85E0020B259 /* Preview Assets.xcassets in Resources */ = {isa = PBXBuildFile; fileRef = B75AE2D52BDBC85E0020B259 /* Preview Assets.xcassets */; };
		B75AE2E02BDBC85E0020B259 /* TranslateWordByCameraTests.swift in Sources */ = {isa = PBXBuildFile; fileRef = B75AE2DF2BDBC85E0020B259 /* TranslateWordByCameraTests.swift */; };
		B75AE2EA2BDBC85E0020B259 /* TranslateWordByCameraUITests.swift in Sources */ = {isa = PBXBuildFile; fileRef = B75AE2E92BDBC85E0020B259 /* TranslateWordByCameraUITests.swift */; };
		B75AE2EC2BDBC85E0020B259 /* TranslateWordByCameraUITestsLaunchTests.swift in Sources */ = {isa = PBXBuildFile; fileRef = B75AE2EB2BDBC85E0020B259 /* TranslateWordByCameraUITestsLaunchTests.swift */; };
		B75AE2F92BDBCCD40020B259 /* CircleView.swift in Sources */ = {isa = PBXBuildFile; fileRef = B75AE2F82BDBCCD40020B259 /* CircleView.swift */; };
		B75AE2FB2BDBCE7B0020B259 /* MapView.swift in Sources */ = {isa = PBXBuildFile; fileRef = B75AE2FA2BDBCE7B0020B259 /* MapView.swift */; };
		B75AE3022BDBD61C0020B259 /* landmarkData.json in Resources */ = {isa = PBXBuildFile; fileRef = B75AE3012BDBD61C0020B259 /* landmarkData.json */; };
		B75AE3092BDC4DB20020B259 /* GoogleTranslateView.swift in Sources */ = {isa = PBXBuildFile; fileRef = B75AE3082BDC4DB20020B259 /* GoogleTranslateView.swift */; };
		B75AE30F2BDC61180020B259 /* Alamofire in Frameworks */ = {isa = PBXBuildFile; productRef = B75AE30E2BDC61180020B259 /* Alamofire */; };
		B75AE3112BDC61290020B259 /* Alamofire in Frameworks */ = {isa = PBXBuildFile; productRef = B75AE3102BDC61290020B259 /* Alamofire */; };
		B77A03492BDFAEA800E61633 /* Alamofire in Frameworks */ = {isa = PBXBuildFile; productRef = B77A03482BDFAEA800E61633 /* Alamofire */; };
/* End PBXBuildFile section */

/* Begin PBXContainerItemProxy section */
		B75AE2DC2BDBC85E0020B259 /* PBXContainerItemProxy */ = {
			isa = PBXContainerItemProxy;
			containerPortal = B75AE2C22BDBC85B0020B259 /* Project object */;
			proxyType = 1;
			remoteGlobalIDString = B75AE2C92BDBC85B0020B259;
			remoteInfo = TranslateWordByCamera;
		};
		B75AE2E62BDBC85E0020B259 /* PBXContainerItemProxy */ = {
			isa = PBXContainerItemProxy;
			containerPortal = B75AE2C22BDBC85B0020B259 /* Project object */;
			proxyType = 1;
			remoteGlobalIDString = B75AE2C92BDBC85B0020B259;
			remoteInfo = TranslateWordByCamera;
		};
/* End PBXContainerItemProxy section */

/* Begin PBXCopyFilesBuildPhase section */
		B77A034C2BDFAEAC00E61633 /* Embed Frameworks */ = {
			isa = PBXCopyFilesBuildPhase;
			buildActionMask = 2147483647;
			dstPath = "";
			dstSubfolderSpec = 10;
			files = (
			);
			name = "Embed Frameworks";
			runOnlyForDeploymentPostprocessing = 0;
		};
/* End PBXCopyFilesBuildPhase section */

/* Begin PBXFileReference section */
		B75AE2CA2BDBC85B0020B259 /* TranslateWordByCamera.app */ = {isa = PBXFileReference; explicitFileType = wrapper.application; includeInIndex = 0; path = TranslateWordByCamera.app; sourceTree = BUILT_PRODUCTS_DIR; };
		B75AE2CD2BDBC85B0020B259 /* TranslateWordByCameraApp.swift */ = {isa = PBXFileReference; lastKnownFileType = sourcecode.swift; path = TranslateWordByCameraApp.swift; sourceTree = "<group>"; };
		B75AE2CF2BDBC85B0020B259 /* ContentView.swift */ = {isa = PBXFileReference; lastKnownFileType = sourcecode.swift; path = ContentView.swift; sourceTree = "<group>"; };
		B75AE2D12BDBC85E0020B259 /* Assets.xcassets */ = {isa = PBXFileReference; lastKnownFileType = folder.assetcatalog; path = Assets.xcassets; sourceTree = "<group>"; };
		B75AE2D32BDBC85E0020B259 /* TranslateWordByCamera.entitlements */ = {isa = PBXFileReference; lastKnownFileType = text.plist.entitlements; path = TranslateWordByCamera.entitlements; sourceTree = "<group>"; };
		B75AE2D52BDBC85E0020B259 /* Preview Assets.xcassets */ = {isa = PBXFileReference; lastKnownFileType = folder.assetcatalog; path = "Preview Assets.xcassets"; sourceTree = "<group>"; };
		B75AE2DB2BDBC85E0020B259 /* TranslateWordByCameraTests.xctest */ = {isa = PBXFileReference; explicitFileType = wrapper.cfbundle; includeInIndex = 0; path = TranslateWordByCameraTests.xctest; sourceTree = BUILT_PRODUCTS_DIR; };
		B75AE2DF2BDBC85E0020B259 /* TranslateWordByCameraTests.swift */ = {isa = PBXFileReference; lastKnownFileType = sourcecode.swift; path = TranslateWordByCameraTests.swift; sourceTree = "<group>"; };
		B75AE2E52BDBC85E0020B259 /* TranslateWordByCameraUITests.xctest */ = {isa = PBXFileReference; explicitFileType = wrapper.cfbundle; includeInIndex = 0; path = TranslateWordByCameraUITests.xctest; sourceTree = BUILT_PRODUCTS_DIR; };
		B75AE2E92BDBC85E0020B259 /* TranslateWordByCameraUITests.swift */ = {isa = PBXFileReference; lastKnownFileType = sourcecode.swift; path = TranslateWordByCameraUITests.swift; sourceTree = "<group>"; };
		B75AE2EB2BDBC85E0020B259 /* TranslateWordByCameraUITestsLaunchTests.swift */ = {isa = PBXFileReference; lastKnownFileType = sourcecode.swift; path = TranslateWordByCameraUITestsLaunchTests.swift; sourceTree = "<group>"; };
		B75AE2F82BDBCCD40020B259 /* CircleView.swift */ = {isa = PBXFileReference; lastKnownFileType = sourcecode.swift; path = CircleView.swift; sourceTree = "<group>"; };
		B75AE2FA2BDBCE7B0020B259 /* MapView.swift */ = {isa = PBXFileReference; lastKnownFileType = sourcecode.swift; path = MapView.swift; sourceTree = "<group>"; };
		B75AE3012BDBD61C0020B259 /* landmarkData.json */ = {isa = PBXFileReference; fileEncoding = 4; lastKnownFileType = text.json; path = landmarkData.json; sourceTree = "<group>"; };
		B75AE3082BDC4DB20020B259 /* GoogleTranslateView.swift */ = {isa = PBXFileReference; lastKnownFileType = sourcecode.swift; path = GoogleTranslateView.swift; sourceTree = "<group>"; };
/* End PBXFileReference section */

/* Begin PBXFrameworksBuildPhase section */
		B75AE2C72BDBC85B0020B259 /* Frameworks */ = {
			isa = PBXFrameworksBuildPhase;
			buildActionMask = 2147483647;
			files = (
				B77A03492BDFAEA800E61633 /* Alamofire in Frameworks */,
			);
			runOnlyForDeploymentPostprocessing = 0;
		};
		B75AE2D82BDBC85E0020B259 /* Frameworks */ = {
			isa = PBXFrameworksBuildPhase;
			buildActionMask = 2147483647;
			files = (
				B75AE30F2BDC61180020B259 /* Alamofire in Frameworks */,
			);
			runOnlyForDeploymentPostprocessing = 0;
		};
		B75AE2E22BDBC85E0020B259 /* Frameworks */ = {
			isa = PBXFrameworksBuildPhase;
			buildActionMask = 2147483647;
			files = (
				B75AE3112BDC61290020B259 /* Alamofire in Frameworks */,
			);
			runOnlyForDeploymentPostprocessing = 0;
		};
/* End PBXFrameworksBuildPhase section */

/* Begin PBXGroup section */
		B75AE2C12BDBC85B0020B259 = {
			isa = PBXGroup;
			children = (
				B75AE2CC2BDBC85B0020B259 /* TranslateWordByCamera */,
				B75AE2DE2BDBC85E0020B259 /* TranslateWordByCameraTests */,
				B75AE2E82BDBC85E0020B259 /* TranslateWordByCameraUITests */,
				B75AE2CB2BDBC85B0020B259 /* Products */,
				B75AE30D2BDC61180020B259 /* Frameworks */,
			);
			sourceTree = "<group>";
		};
		B75AE2CB2BDBC85B0020B259 /* Products */ = {
			isa = PBXGroup;
			children = (
				B75AE2CA2BDBC85B0020B259 /* TranslateWordByCamera.app */,
				B75AE2DB2BDBC85E0020B259 /* TranslateWordByCameraTests.xctest */,
				B75AE2E52BDBC85E0020B259 /* TranslateWordByCameraUITests.xctest */,
			);
			name = Products;
			sourceTree = "<group>";
		};
		B75AE2CC2BDBC85B0020B259 /* TranslateWordByCamera */ = {
			isa = PBXGroup;
			children = (
				B75AE3072BDBD7180020B259 /* Resources */,
				B75AE3052BDBD6EE0020B259 /* Model */,
				B75AE3032BDBD6870020B259 /* Views */,
				B75AE2CD2BDBC85B0020B259 /* TranslateWordByCameraApp.swift */,
				B75AE2D12BDBC85E0020B259 /* Assets.xcassets */,
				B75AE2D32BDBC85E0020B259 /* TranslateWordByCamera.entitlements */,
				B75AE2D42BDBC85E0020B259 /* Preview Content */,
			);
			path = TranslateWordByCamera;
			sourceTree = "<group>";
		};
		B75AE2D42BDBC85E0020B259 /* Preview Content */ = {
			isa = PBXGroup;
			children = (
				B75AE2D52BDBC85E0020B259 /* Preview Assets.xcassets */,
			);
			path = "Preview Content";
			sourceTree = "<group>";
		};
		B75AE2DE2BDBC85E0020B259 /* TranslateWordByCameraTests */ = {
			isa = PBXGroup;
			children = (
				B75AE2DF2BDBC85E0020B259 /* TranslateWordByCameraTests.swift */,
			);
			path = TranslateWordByCameraTests;
			sourceTree = "<group>";
		};
		B75AE2E82BDBC85E0020B259 /* TranslateWordByCameraUITests */ = {
			isa = PBXGroup;
			children = (
				B75AE2E92BDBC85E0020B259 /* TranslateWordByCameraUITests.swift */,
				B75AE2EB2BDBC85E0020B259 /* TranslateWordByCameraUITestsLaunchTests.swift */,
			);
			path = TranslateWordByCameraUITests;
			sourceTree = "<group>";
		};
		B75AE3032BDBD6870020B259 /* Views */ = {
			isa = PBXGroup;
			children = (
				B75AE2F82BDBCCD40020B259 /* CircleView.swift */,
				B75AE2FA2BDBCE7B0020B259 /* MapView.swift */,
				B75AE2CF2BDBC85B0020B259 /* ContentView.swift */,
				B75AE3082BDC4DB20020B259 /* GoogleTranslateView.swift */,
			);
			path = Views;
			sourceTree = "<group>";
		};
		B75AE3052BDBD6EE0020B259 /* Model */ = {
			isa = PBXGroup;
			children = (
			);
			path = Model;
			sourceTree = "<group>";
		};
		B75AE3072BDBD7180020B259 /* Resources */ = {
			isa = PBXGroup;
			children = (
				B75AE3012BDBD61C0020B259 /* landmarkData.json */,
			);
			name = Resources;
			sourceTree = "<group>";
		};
		B75AE30D2BDC61180020B259 /* Frameworks */ = {
			isa = PBXGroup;
			children = (
			);
			name = Frameworks;
			sourceTree = "<group>";
		};
/* End PBXGroup section */

/* Begin PBXNativeTarget section */
		B75AE2C92BDBC85B0020B259 /* TranslateWordByCamera */ = {
			isa = PBXNativeTarget;
			buildConfigurationList = B75AE2EF2BDBC85E0020B259 /* Build configuration list for PBXNativeTarget "TranslateWordByCamera" */;
			buildPhases = (
				B75AE2C62BDBC85B0020B259 /* Sources */,
				B75AE2C72BDBC85B0020B259 /* Frameworks */,
				B75AE2C82BDBC85B0020B259 /* Resources */,
				B77A034C2BDFAEAC00E61633 /* Embed Frameworks */,
			);
			buildRules = (
			);
			dependencies = (
				B75AE30C2BDC53DB0020B259 /* PBXTargetDependency */,
			);
			name = TranslateWordByCamera;
			packageProductDependencies = (
				B77A03482BDFAEA800E61633 /* Alamofire */,
			);
			productName = TranslateWordByCamera;
			productReference = B75AE2CA2BDBC85B0020B259 /* TranslateWordByCamera.app */;
			productType = "com.apple.product-type.application";
		};
		B75AE2DA2BDBC85E0020B259 /* TranslateWordByCameraTests */ = {
			isa = PBXNativeTarget;
			buildConfigurationList = B75AE2F22BDBC85E0020B259 /* Build configuration list for PBXNativeTarget "TranslateWordByCameraTests" */;
			buildPhases = (
				B75AE2D72BDBC85E0020B259 /* Sources */,
				B75AE2D82BDBC85E0020B259 /* Frameworks */,
				B75AE2D92BDBC85E0020B259 /* Resources */,
			);
			buildRules = (
			);
			dependencies = (
				B75AE2DD2BDBC85E0020B259 /* PBXTargetDependency */,
			);
			name = TranslateWordByCameraTests;
			packageProductDependencies = (
				B75AE30E2BDC61180020B259 /* Alamofire */,
			);
			productName = TranslateWordByCameraTests;
			productReference = B75AE2DB2BDBC85E0020B259 /* TranslateWordByCameraTests.xctest */;
			productType = "com.apple.product-type.bundle.unit-test";
		};
		B75AE2E42BDBC85E0020B259 /* TranslateWordByCameraUITests */ = {
			isa = PBXNativeTarget;
			buildConfigurationList = B75AE2F52BDBC85E0020B259 /* Build configuration list for PBXNativeTarget "TranslateWordByCameraUITests" */;
			buildPhases = (
				B75AE2E12BDBC85E0020B259 /* Sources */,
				B75AE2E22BDBC85E0020B259 /* Frameworks */,
				B75AE2E32BDBC85E0020B259 /* Resources */,
			);
			buildRules = (
			);
			dependencies = (
				B75AE2E72BDBC85E0020B259 /* PBXTargetDependency */,
			);
			name = TranslateWordByCameraUITests;
			packageProductDependencies = (
				B75AE3102BDC61290020B259 /* Alamofire */,
			);
			productName = TranslateWordByCameraUITests;
			productReference = B75AE2E52BDBC85E0020B259 /* TranslateWordByCameraUITests.xctest */;
			productType = "com.apple.product-type.bundle.ui-testing";
		};
/* End PBXNativeTarget section */

/* Begin PBXProject section */
		B75AE2C22BDBC85B0020B259 /* Project object */ = {
			isa = PBXProject;
			attributes = {
				BuildIndependentTargetsInParallel = 1;
				LastSwiftUpdateCheck = 1530;
				LastUpgradeCheck = 1530;
				TargetAttributes = {
					B75AE2C92BDBC85B0020B259 = {
						CreatedOnToolsVersion = 15.3;
					};
					B75AE2DA2BDBC85E0020B259 = {
						CreatedOnToolsVersion = 15.3;
						TestTargetID = B75AE2C92BDBC85B0020B259;
					};
					B75AE2E42BDBC85E0020B259 = {
						CreatedOnToolsVersion = 15.3;
						TestTargetID = B75AE2C92BDBC85B0020B259;
					};
				};
			};
			buildConfigurationList = B75AE2C52BDBC85B0020B259 /* Build configuration list for PBXProject "TranslateWordByCamera" */;
			compatibilityVersion = "Xcode 14.0";
			developmentRegion = en;
			hasScannedForEncodings = 0;
			knownRegions = (
				en,
				Base,
			);
			mainGroup = B75AE2C12BDBC85B0020B259;
			packageReferences = (
				B75AE30A2BDC52EB0020B259 /* XCRemoteSwiftPackageReference "Alamofire" */,
			);
			productRefGroup = B75AE2CB2BDBC85B0020B259 /* Products */;
			projectDirPath = "";
			projectRoot = "";
			targets = (
				B75AE2C92BDBC85B0020B259 /* TranslateWordByCamera */,
				B75AE2DA2BDBC85E0020B259 /* TranslateWordByCameraTests */,
				B75AE2E42BDBC85E0020B259 /* TranslateWordByCameraUITests */,
			);
		};
/* End PBXProject section */

/* Begin PBXResourcesBuildPhase section */
		B75AE2C82BDBC85B0020B259 /* Resources */ = {
			isa = PBXResourcesBuildPhase;
			buildActionMask = 2147483647;
			files = (
				B75AE2D62BDBC85E0020B259 /* Preview Assets.xcassets in Resources */,
				B75AE2D22BDBC85E0020B259 /* Assets.xcassets in Resources */,
				B75AE3022BDBD61C0020B259 /* landmarkData.json in Resources */,
			);
			runOnlyForDeploymentPostprocessing = 0;
		};
		B75AE2D92BDBC85E0020B259 /* Resources */ = {
			isa = PBXResourcesBuildPhase;
			buildActionMask = 2147483647;
			files = (
			);
			runOnlyForDeploymentPostprocessing = 0;
		};
		B75AE2E32BDBC85E0020B259 /* Resources */ = {
			isa = PBXResourcesBuildPhase;
			buildActionMask = 2147483647;
			files = (
			);
			runOnlyForDeploymentPostprocessing = 0;
		};
/* End PBXResourcesBuildPhase section */

/* Begin PBXSourcesBuildPhase section */
		B75AE2C62BDBC85B0020B259 /* Sources */ = {
			isa = PBXSourcesBuildPhase;
			buildActionMask = 2147483647;
			files = (
				B75AE2F92BDBCCD40020B259 /* CircleView.swift in Sources */,
				B75AE2FB2BDBCE7B0020B259 /* MapView.swift in Sources */,
				B75AE3092BDC4DB20020B259 /* GoogleTranslateView.swift in Sources */,
				B75AE2D02BDBC85B0020B259 /* ContentView.swift in Sources */,
				B75AE2CE2BDBC85B0020B259 /* TranslateWordByCameraApp.swift in Sources */,
			);
			runOnlyForDeploymentPostprocessing = 0;
		};
		B75AE2D72BDBC85E0020B259 /* Sources */ = {
			isa = PBXSourcesBuildPhase;
			buildActionMask = 2147483647;
			files = (
				B75AE2E02BDBC85E0020B259 /* TranslateWordByCameraTests.swift in Sources */,
			);
			runOnlyForDeploymentPostprocessing = 0;
		};
		B75AE2E12BDBC85E0020B259 /* Sources */ = {
			isa = PBXSourcesBuildPhase;
			buildActionMask = 2147483647;
			files = (
				B75AE2EA2BDBC85E0020B259 /* TranslateWordByCameraUITests.swift in Sources */,
				B75AE2EC2BDBC85E0020B259 /* TranslateWordByCameraUITestsLaunchTests.swift in Sources */,
			);
			runOnlyForDeploymentPostprocessing = 0;
		};
/* End PBXSourcesBuildPhase section */

/* Begin PBXTargetDependency section */
		B75AE2DD2BDBC85E0020B259 /* PBXTargetDependency */ = {
			isa = PBXTargetDependency;
			target = B75AE2C92BDBC85B0020B259 /* TranslateWordByCamera */;
			targetProxy = B75AE2DC2BDBC85E0020B259 /* PBXContainerItemProxy */;
		};
		B75AE2E72BDBC85E0020B259 /* PBXTargetDependency */ = {
			isa = PBXTargetDependency;
			target = B75AE2C92BDBC85B0020B259 /* TranslateWordByCamera */;
			targetProxy = B75AE2E62BDBC85E0020B259 /* PBXContainerItemProxy */;
		};
		B75AE30C2BDC53DB0020B259 /* PBXTargetDependency */ = {
			isa = PBXTargetDependency;
			productRef = B75AE30B2BDC53DB0020B259 /* Alamofire */;
		};
/* End PBXTargetDependency section */

/* Begin XCBuildConfiguration section */
		B75AE2ED2BDBC85E0020B259 /* Debug */ = {
			isa = XCBuildConfiguration;
			buildSettings = {
				ALWAYS_SEARCH_USER_PATHS = NO;
				ASSETCATALOG_COMPILER_GENERATE_SWIFT_ASSET_SYMBOL_EXTENSIONS = YES;
				CLANG_ANALYZER_NONNULL = YES;
				CLANG_ANALYZER_NUMBER_OBJECT_CONVERSION = YES_AGGRESSIVE;
				CLANG_CXX_LANGUAGE_STANDARD = "gnu++20";
				CLANG_ENABLE_MODULES = YES;
				CLANG_ENABLE_OBJC_ARC = YES;
				CLANG_ENABLE_OBJC_WEAK = YES;
				CLANG_WARN_BLOCK_CAPTURE_AUTORELEASING = YES;
				CLANG_WARN_BOOL_CONVERSION = YES;
				CLANG_WARN_COMMA = YES;
				CLANG_WARN_CONSTANT_CONVERSION = YES;
				CLANG_WARN_DEPRECATED_OBJC_IMPLEMENTATIONS = YES;
				CLANG_WARN_DIRECT_OBJC_ISA_USAGE = YES_ERROR;
				CLANG_WARN_DOCUMENTATION_COMMENTS = YES;
				CLANG_WARN_EMPTY_BODY = YES;
				CLANG_WARN_ENUM_CONVERSION = YES;
				CLANG_WARN_INFINITE_RECURSION = YES;
				CLANG_WARN_INT_CONVERSION = YES;
				CLANG_WARN_NON_LITERAL_NULL_CONVERSION = YES;
				CLANG_WARN_OBJC_IMPLICIT_RETAIN_SELF = YES;
				CLANG_WARN_OBJC_LITERAL_CONVERSION = YES;
				CLANG_WARN_OBJC_ROOT_CLASS = YES_ERROR;
				CLANG_WARN_QUOTED_INCLUDE_IN_FRAMEWORK_HEADER = YES;
				CLANG_WARN_RANGE_LOOP_ANALYSIS = YES;
				CLANG_WARN_STRICT_PROTOTYPES = YES;
				CLANG_WARN_SUSPICIOUS_MOVE = YES;
				CLANG_WARN_UNGUARDED_AVAILABILITY = YES_AGGRESSIVE;
				CLANG_WARN_UNREACHABLE_CODE = YES;
				CLANG_WARN__DUPLICATE_METHOD_MATCH = YES;
				COPY_PHASE_STRIP = NO;
				DEBUG_INFORMATION_FORMAT = dwarf;
				ENABLE_STRICT_OBJC_MSGSEND = YES;
				ENABLE_TESTABILITY = YES;
				ENABLE_USER_SCRIPT_SANDBOXING = YES;
				EXCLUDED_ARCHS = "";
				GCC_C_LANGUAGE_STANDARD = gnu17;
				GCC_DYNAMIC_NO_PIC = NO;
				GCC_NO_COMMON_BLOCKS = YES;
				GCC_OPTIMIZATION_LEVEL = 0;
				GCC_PREPROCESSOR_DEFINITIONS = (
					"DEBUG=1",
					"$(inherited)",
				);
				GCC_WARN_64_TO_32_BIT_CONVERSION = YES;
				GCC_WARN_ABOUT_RETURN_TYPE = YES_ERROR;
				GCC_WARN_UNDECLARED_SELECTOR = YES;
				GCC_WARN_UNINITIALIZED_AUTOS = YES_AGGRESSIVE;
				GCC_WARN_UNUSED_FUNCTION = YES;
				GCC_WARN_UNUSED_VARIABLE = YES;
				LOCALIZATION_PREFERS_STRING_CATALOGS = YES;
				MTL_ENABLE_DEBUG_INFO = INCLUDE_SOURCE;
				MTL_FAST_MATH = YES;
				ONLY_ACTIVE_ARCH = YES;
				SUPPORTED_PLATFORMS = "iphonesimulator iphoneos";
				SWIFT_ACTIVE_COMPILATION_CONDITIONS = "DEBUG $(inherited)";
				SWIFT_OPTIMIZATION_LEVEL = "-Onone";
			};
			name = Debug;
		};
		B75AE2EE2BDBC85E0020B259 /* Release */ = {
			isa = XCBuildConfiguration;
			buildSettings = {
				ALWAYS_SEARCH_USER_PATHS = NO;
				ASSETCATALOG_COMPILER_GENERATE_SWIFT_ASSET_SYMBOL_EXTENSIONS = YES;
				CLANG_ANALYZER_NONNULL = YES;
				CLANG_ANALYZER_NUMBER_OBJECT_CONVERSION = YES_AGGRESSIVE;
				CLANG_CXX_LANGUAGE_STANDARD = "gnu++20";
				CLANG_ENABLE_MODULES = YES;
				CLANG_ENABLE_OBJC_ARC = YES;
				CLANG_ENABLE_OBJC_WEAK = YES;
				CLANG_WARN_BLOCK_CAPTURE_AUTORELEASING = YES;
				CLANG_WARN_BOOL_CONVERSION = YES;
				CLANG_WARN_COMMA = YES;
				CLANG_WARN_CONSTANT_CONVERSION = YES;
				CLANG_WARN_DEPRECATED_OBJC_IMPLEMENTATIONS = YES;
				CLANG_WARN_DIRECT_OBJC_ISA_USAGE = YES_ERROR;
				CLANG_WARN_DOCUMENTATION_COMMENTS = YES;
				CLANG_WARN_EMPTY_BODY = YES;
				CLANG_WARN_ENUM_CONVERSION = YES;
				CLANG_WARN_INFINITE_RECURSION = YES;
				CLANG_WARN_INT_CONVERSION = YES;
				CLANG_WARN_NON_LITERAL_NULL_CONVERSION = YES;
				CLANG_WARN_OBJC_IMPLICIT_RETAIN_SELF = YES;
				CLANG_WARN_OBJC_LITERAL_CONVERSION = YES;
				CLANG_WARN_OBJC_ROOT_CLASS = YES_ERROR;
				CLANG_WARN_QUOTED_INCLUDE_IN_FRAMEWORK_HEADER = YES;
				CLANG_WARN_RANGE_LOOP_ANALYSIS = YES;
				CLANG_WARN_STRICT_PROTOTYPES = YES;
				CLANG_WARN_SUSPICIOUS_MOVE = YES;
				CLANG_WARN_UNGUARDED_AVAILABILITY = YES_AGGRESSIVE;
				CLANG_WARN_UNREACHABLE_CODE = YES;
				CLANG_WARN__DUPLICATE_METHOD_MATCH = YES;
				COPY_PHASE_STRIP = NO;
				DEBUG_INFORMATION_FORMAT = "dwarf-with-dsym";
				ENABLE_NS_ASSERTIONS = NO;
				ENABLE_STRICT_OBJC_MSGSEND = YES;
				ENABLE_USER_SCRIPT_SANDBOXING = YES;
				EXCLUDED_ARCHS = "";
				GCC_C_LANGUAGE_STANDARD = gnu17;
				GCC_NO_COMMON_BLOCKS = YES;
				GCC_WARN_64_TO_32_BIT_CONVERSION = YES;
				GCC_WARN_ABOUT_RETURN_TYPE = YES_ERROR;
				GCC_WARN_UNDECLARED_SELECTOR = YES;
				GCC_WARN_UNINITIALIZED_AUTOS = YES_AGGRESSIVE;
				GCC_WARN_UNUSED_FUNCTION = YES;
				GCC_WARN_UNUSED_VARIABLE = YES;
				LOCALIZATION_PREFERS_STRING_CATALOGS = YES;
				MTL_ENABLE_DEBUG_INFO = NO;
				MTL_FAST_MATH = YES;
				ONLY_ACTIVE_ARCH = NO;
				SUPPORTED_PLATFORMS = "iphonesimulator iphoneos";
				SWIFT_COMPILATION_MODE = wholemodule;
			};
			name = Release;
		};
		B75AE2F02BDBC85E0020B259 /* Debug */ = {
			isa = XCBuildConfiguration;
			buildSettings = {
				ASSETCATALOG_COMPILER_APPICON_NAME = AppIcon;
				ASSETCATALOG_COMPILER_GLOBAL_ACCENT_COLOR_NAME = AccentColor;
				CODE_SIGN_ENTITLEMENTS = TranslateWordByCamera/TranslateWordByCamera.entitlements;
				CODE_SIGN_STYLE = Automatic;
				CURRENT_PROJECT_VERSION = 1;
				DEVELOPMENT_ASSET_PATHS = "\"TranslateWordByCamera/Preview Content\"";
				DEVELOPMENT_TEAM = MMHZ56RXAS;
				ENABLE_HARDENED_RUNTIME = YES;
				ENABLE_PREVIEWS = YES;
				EXCLUDED_ARCHS = "";
				FRAMEWORK_SEARCH_PATHS = "";
				GENERATE_INFOPLIST_FILE = YES;
				"INFOPLIST_KEY_UIApplicationSceneManifest_Generation[sdk=iphoneos*]" = YES;
				"INFOPLIST_KEY_UIApplicationSceneManifest_Generation[sdk=iphonesimulator*]" = YES;
				"INFOPLIST_KEY_UIApplicationSupportsIndirectInputEvents[sdk=iphoneos*]" = YES;
				"INFOPLIST_KEY_UIApplicationSupportsIndirectInputEvents[sdk=iphonesimulator*]" = YES;
				"INFOPLIST_KEY_UILaunchScreen_Generation[sdk=iphoneos*]" = YES;
				"INFOPLIST_KEY_UILaunchScreen_Generation[sdk=iphonesimulator*]" = YES;
				"INFOPLIST_KEY_UIStatusBarStyle[sdk=iphoneos*]" = UIStatusBarStyleDefault;
				"INFOPLIST_KEY_UIStatusBarStyle[sdk=iphonesimulator*]" = UIStatusBarStyleDefault;
				INFOPLIST_KEY_UISupportedInterfaceOrientations_iPad = "UIInterfaceOrientationPortrait UIInterfaceOrientationPortraitUpsideDown UIInterfaceOrientationLandscapeLeft UIInterfaceOrientationLandscapeRight";
				INFOPLIST_KEY_UISupportedInterfaceOrientations_iPhone = "UIInterfaceOrientationPortrait UIInterfaceOrientationLandscapeLeft UIInterfaceOrientationLandscapeRight";
				IPHONEOS_DEPLOYMENT_TARGET = 17.4;
				LD_RUNPATH_SEARCH_PATHS = "@executable_path/Frameworks";
				"LD_RUNPATH_SEARCH_PATHS[sdk=macosx*]" = "@executable_path/../Frameworks";
				MACOSX_DEPLOYMENT_TARGET = 14.0;
				MARKETING_VERSION = 1.0;
				ONLY_ACTIVE_ARCH = YES;
				PRODUCT_BUNDLE_IDENTIFIER = PetProjects.TranslateWordByCamera;
				PRODUCT_NAME = "$(TARGET_NAME)";
				SDKROOT = auto;
				SUPPORTED_PLATFORMS = "iphonesimulator iphoneos";
				SWIFT_EMIT_LOC_STRINGS = YES;
				SWIFT_VERSION = 5.0;
				TARGETED_DEVICE_FAMILY = "1,2";
			};
			name = Debug;
		};
		B75AE2F12BDBC85E0020B259 /* Release */ = {
			isa = XCBuildConfiguration;
			buildSettings = {
				ASSETCATALOG_COMPILER_APPICON_NAME = AppIcon;
				ASSETCATALOG_COMPILER_GLOBAL_ACCENT_COLOR_NAME = AccentColor;
				CODE_SIGN_ENTITLEMENTS = TranslateWordByCamera/TranslateWordByCamera.entitlements;
				CODE_SIGN_STYLE = Automatic;
				CURRENT_PROJECT_VERSION = 1;
				DEVELOPMENT_ASSET_PATHS = "\"TranslateWordByCamera/Preview Content\"";
				DEVELOPMENT_TEAM = MMHZ56RXAS;
				ENABLE_HARDENED_RUNTIME = YES;
				ENABLE_PREVIEWS = YES;
				EXCLUDED_ARCHS = "";
				FRAMEWORK_SEARCH_PATHS = "";
				GENERATE_INFOPLIST_FILE = YES;
				"INFOPLIST_KEY_UIApplicationSceneManifest_Generation[sdk=iphoneos*]" = YES;
				"INFOPLIST_KEY_UIApplicationSceneManifest_Generation[sdk=iphonesimulator*]" = YES;
				"INFOPLIST_KEY_UIApplicationSupportsIndirectInputEvents[sdk=iphoneos*]" = YES;
				"INFOPLIST_KEY_UIApplicationSupportsIndirectInputEvents[sdk=iphonesimulator*]" = YES;
				"INFOPLIST_KEY_UILaunchScreen_Generation[sdk=iphoneos*]" = YES;
				"INFOPLIST_KEY_UILaunchScreen_Generation[sdk=iphonesimulator*]" = YES;
				"INFOPLIST_KEY_UIStatusBarStyle[sdk=iphoneos*]" = UIStatusBarStyleDefault;
				"INFOPLIST_KEY_UIStatusBarStyle[sdk=iphonesimulator*]" = UIStatusBarStyleDefault;
				INFOPLIST_KEY_UISupportedInterfaceOrientations_iPad = "UIInterfaceOrientationPortrait UIInterfaceOrientationPortraitUpsideDown UIInterfaceOrientationLandscapeLeft UIInterfaceOrientationLandscapeRight";
				INFOPLIST_KEY_UISupportedInterfaceOrientations_iPhone = "UIInterfaceOrientationPortrait UIInterfaceOrientationLandscapeLeft UIInterfaceOrientationLandscapeRight";
				IPHONEOS_DEPLOYMENT_TARGET = 17.4;
				LD_RUNPATH_SEARCH_PATHS = "@executable_path/Frameworks";
				"LD_RUNPATH_SEARCH_PATHS[sdk=macosx*]" = "@executable_path/../Frameworks";
				MACOSX_DEPLOYMENT_TARGET = 14.0;
				MARKETING_VERSION = 1.0;
				ONLY_ACTIVE_ARCH = NO;
				PRODUCT_BUNDLE_IDENTIFIER = PetProjects.TranslateWordByCamera;
				PRODUCT_NAME = "$(TARGET_NAME)";
				SDKROOT = auto;
				SUPPORTED_PLATFORMS = "iphonesimulator iphoneos";
				SWIFT_EMIT_LOC_STRINGS = YES;
				SWIFT_VERSION = 5.0;
				TARGETED_DEVICE_FAMILY = "1,2";
			};
			name = Release;
		};
		B75AE2F32BDBC85E0020B259 /* Debug */ = {
			isa = XCBuildConfiguration;
			buildSettings = {
				ALWAYS_EMBED_SWIFT_STANDARD_LIBRARIES = YES;
				BUNDLE_LOADER = "$(TEST_HOST)";
				CODE_SIGN_STYLE = Automatic;
				CURRENT_PROJECT_VERSION = 1;
				DEVELOPMENT_TEAM = MMHZ56RXAS;
				EXCLUDED_ARCHS = "";
				GENERATE_INFOPLIST_FILE = YES;
				IPHONEOS_DEPLOYMENT_TARGET = 17.4;
				MACOSX_DEPLOYMENT_TARGET = 14.0;
				MARKETING_VERSION = 1.0;
				PRODUCT_BUNDLE_IDENTIFIER = PetProjects.TranslateWordByCameraTests;
				PRODUCT_NAME = "$(TARGET_NAME)";
				SDKROOT = auto;
				SUPPORTED_PLATFORMS = "iphonesimulator iphoneos";
				SWIFT_EMIT_LOC_STRINGS = NO;
				SWIFT_VERSION = 5.0;
				TARGETED_DEVICE_FAMILY = "1,2";
				TEST_HOST = "$(BUILT_PRODUCTS_DIR)/TranslateWordByCamera.app/$(BUNDLE_EXECUTABLE_FOLDER_PATH)/TranslateWordByCamera";
			};
			name = Debug;
		};
		B75AE2F42BDBC85E0020B259 /* Release */ = {
			isa = XCBuildConfiguration;
			buildSettings = {
				ALWAYS_EMBED_SWIFT_STANDARD_LIBRARIES = YES;
				BUNDLE_LOADER = "$(TEST_HOST)";
				CODE_SIGN_STYLE = Automatic;
				CURRENT_PROJECT_VERSION = 1;
				DEVELOPMENT_TEAM = MMHZ56RXAS;
				EXCLUDED_ARCHS = "";
				GENERATE_INFOPLIST_FILE = YES;
				IPHONEOS_DEPLOYMENT_TARGET = 17.4;
				MACOSX_DEPLOYMENT_TARGET = 14.0;
				MARKETING_VERSION = 1.0;
				ONLY_ACTIVE_ARCH = NO;
				PRODUCT_BUNDLE_IDENTIFIER = PetProjects.TranslateWordByCameraTests;
				PRODUCT_NAME = "$(TARGET_NAME)";
				SDKROOT = auto;
				SUPPORTED_PLATFORMS = "iphonesimulator iphoneos";
				SWIFT_EMIT_LOC_STRINGS = NO;
				SWIFT_VERSION = 5.0;
				TARGETED_DEVICE_FAMILY = "1,2";
				TEST_HOST = "$(BUILT_PRODUCTS_DIR)/TranslateWordByCamera.app/$(BUNDLE_EXECUTABLE_FOLDER_PATH)/TranslateWordByCamera";
			};
			name = Release;
		};
		B75AE2F62BDBC85E0020B259 /* Debug */ = {
			isa = XCBuildConfiguration;
			buildSettings = {
				ALWAYS_EMBED_SWIFT_STANDARD_LIBRARIES = YES;
				CODE_SIGN_STYLE = Automatic;
				CURRENT_PROJECT_VERSION = 1;
				DEVELOPMENT_TEAM = MMHZ56RXAS;
				GENERATE_INFOPLIST_FILE = YES;
				IPHONEOS_DEPLOYMENT_TARGET = 17.4;
				MACOSX_DEPLOYMENT_TARGET = 14.0;
				MARKETING_VERSION = 1.0;
				ONLY_ACTIVE_ARCH = YES;
				PRODUCT_BUNDLE_IDENTIFIER = PetProjects.TranslateWordByCameraUITests;
				PRODUCT_NAME = "$(TARGET_NAME)";
				SDKROOT = auto;
				SUPPORTED_PLATFORMS = "iphonesimulator iphoneos";
				SWIFT_EMIT_LOC_STRINGS = NO;
				SWIFT_VERSION = 5.0;
				TARGETED_DEVICE_FAMILY = "1,2";
				TEST_TARGET_NAME = TranslateWordByCamera;
			};
			name = Debug;
		};
		B75AE2F72BDBC85E0020B259 /* Release */ = {
			isa = XCBuildConfiguration;
			buildSettings = {
				ALWAYS_EMBED_SWIFT_STANDARD_LIBRARIES = YES;
				CODE_SIGN_STYLE = Automatic;
				CURRENT_PROJECT_VERSION = 1;
				DEVELOPMENT_TEAM = MMHZ56RXAS;
				GENERATE_INFOPLIST_FILE = YES;
				IPHONEOS_DEPLOYMENT_TARGET = 17.4;
				MACOSX_DEPLOYMENT_TARGET = 14.0;
				MARKETING_VERSION = 1.0;
				ONLY_ACTIVE_ARCH = NO;
				PRODUCT_BUNDLE_IDENTIFIER = PetProjects.TranslateWordByCameraUITests;
				PRODUCT_NAME = "$(TARGET_NAME)";
				SDKROOT = auto;
				SUPPORTED_PLATFORMS = "iphonesimulator iphoneos";
				SWIFT_EMIT_LOC_STRINGS = NO;
				SWIFT_VERSION = 5.0;
				TARGETED_DEVICE_FAMILY = "1,2";
				TEST_TARGET_NAME = TranslateWordByCamera;
			};
			name = Release;
		};
/* End XCBuildConfiguration section */

/* Begin XCConfigurationList section */
		B75AE2C52BDBC85B0020B259 /* Build configuration list for PBXProject "TranslateWordByCamera" */ = {
			isa = XCConfigurationList;
			buildConfigurations = (
				B75AE2ED2BDBC85E0020B259 /* Debug */,
				B75AE2EE2BDBC85E0020B259 /* Release */,
			);
			defaultConfigurationIsVisible = 0;
			defaultConfigurationName = Release;
		};
		B75AE2EF2BDBC85E0020B259 /* Build configuration list for PBXNativeTarget "TranslateWordByCamera" */ = {
			isa = XCConfigurationList;
			buildConfigurations = (
				B75AE2F02BDBC85E0020B259 /* Debug */,
				B75AE2F12BDBC85E0020B259 /* Release */,
			);
			defaultConfigurationIsVisible = 0;
			defaultConfigurationName = Release;
		};
		B75AE2F22BDBC85E0020B259 /* Build configuration list for PBXNativeTarget "TranslateWordByCameraTests" */ = {
			isa = XCConfigurationList;
			buildConfigurations = (
				B75AE2F32BDBC85E0020B259 /* Debug */,
				B75AE2F42BDBC85E0020B259 /* Release */,
			);
			defaultConfigurationIsVisible = 0;
			defaultConfigurationName = Release;
		};
		B75AE2F52BDBC85E0020B259 /* Build configuration list for PBXNativeTarget "TranslateWordByCameraUITests" */ = {
			isa = XCConfigurationList;
			buildConfigurations = (
				B75AE2F62BDBC85E0020B259 /* Debug */,
				B75AE2F72BDBC85E0020B259 /* Release */,
			);
			defaultConfigurationIsVisible = 0;
			defaultConfigurationName = Release;
		};
/* End XCConfigurationList section */

/* Begin XCRemoteSwiftPackageReference section */
		B75AE30A2BDC52EB0020B259 /* XCRemoteSwiftPackageReference "Alamofire" */ = {
			isa = XCRemoteSwiftPackageReference;
			repositoryURL = "https://github.com/Alamofire/Alamofire";
			requirement = {
				kind = upToNextMajorVersion;
				minimumVersion = 5.9.1;
			};
		};
/* End XCRemoteSwiftPackageReference section */

/* Begin XCSwiftPackageProductDependency section */
		B75AE30B2BDC53DB0020B259 /* Alamofire */ = {
			isa = XCSwiftPackageProductDependency;
			package = B75AE30A2BDC52EB0020B259 /* XCRemoteSwiftPackageReference "Alamofire" */;
			productName = Alamofire;
		};
		B75AE30E2BDC61180020B259 /* Alamofire */ = {
			isa = XCSwiftPackageProductDependency;
			package = B75AE30A2BDC52EB0020B259 /* XCRemoteSwiftPackageReference "Alamofire" */;
			productName = Alamofire;
		};
		B75AE3102BDC61290020B259 /* Alamofire */ = {
			isa = XCSwiftPackageProductDependency;
			package = B75AE30A2BDC52EB0020B259 /* XCRemoteSwiftPackageReference "Alamofire" */;
			productName = Alamofire;
		};
		B77A03482BDFAEA800E61633 /* Alamofire */ = {
			isa = XCSwiftPackageProductDependency;
			package = B75AE30A2BDC52EB0020B259 /* XCRemoteSwiftPackageReference "Alamofire" */;
			productName = Alamofire;
		};
/* End XCSwiftPackageProductDependency section */
	};
	rootObject = B75AE2C22BDBC85B0020B259 /* Project object */;
}
